// !$*UTF8*$!
{
	archiveVersion = 1;
	classes = {
	};
	objectVersion = 48;
	objects = {

/* Begin PBXBuildFile section */
		9B5674D51EEC0A7A00795558 /* AppDelegate.swift in Sources */ = {isa = PBXBuildFile; fileRef = 9B5674D41EEC0A7A00795558 /* AppDelegate.swift */; };
		9B5674D71EEC0A7A00795558 /* ViewController.swift in Sources */ = {isa = PBXBuildFile; fileRef = 9B5674D61EEC0A7A00795558 /* ViewController.swift */; };
		9B5674DA1EEC0A7A00795558 /* Main.storyboard in Resources */ = {isa = PBXBuildFile; fileRef = 9B5674D81EEC0A7A00795558 /* Main.storyboard */; };
		9B5674DC1EEC0A7A00795558 /* Assets.xcassets in Resources */ = {isa = PBXBuildFile; fileRef = 9B5674DB1EEC0A7A00795558 /* Assets.xcassets */; };
		9B5674DF1EEC0A7A00795558 /* LaunchScreen.storyboard in Resources */ = {isa = PBXBuildFile; fileRef = 9B5674DD1EEC0A7A00795558 /* LaunchScreen.storyboard */; };
		9B5674EA1EEC0A7B00795558 /* Xcode9_XCTestUITests.swift in Sources */ = {isa = PBXBuildFile; fileRef = 9B5674E91EEC0A7B00795558 /* Xcode9_XCTestUITests.swift */; };
/* End PBXBuildFile section */

/* Begin PBXContainerItemProxy section */
		9B5674E61EEC0A7B00795558 /* PBXContainerItemProxy */ = {
			isa = PBXContainerItemProxy;
			containerPortal = 9B5674C91EEC0A7A00795558 /* Project object */;
			proxyType = 1;
			remoteGlobalIDString = 9B5674D01EEC0A7A00795558;
			remoteInfo = "Xcode9-XCTest";
		};
/* End PBXContainerItemProxy section */

/* Begin PBXFileReference section */
		9B5674D11EEC0A7A00795558 /* Xcode9-XCTest.app */ = {isa = PBXFileReference; explicitFileType = wrapper.application; includeInIndex = 0; path = "Xcode9-XCTest.app"; sourceTree = BUILT_PRODUCTS_DIR; };
		9B5674D41EEC0A7A00795558 /* AppDelegate.swift */ = {isa = PBXFileReference; lastKnownFileType = sourcecode.swift; path = AppDelegate.swift; sourceTree = "<group>"; };
		9B5674D61EEC0A7A00795558 /* ViewController.swift */ = {isa = PBXFileReference; lastKnownFileType = sourcecode.swift; path = ViewController.swift; sourceTree = "<group>"; };
		9B5674D91EEC0A7A00795558 /* Base */ = {isa = PBXFileReference; lastKnownFileType = file.storyboard; name = Base; path = Base.lproj/Main.storyboard; sourceTree = "<group>"; };
		9B5674DB1EEC0A7A00795558 /* Assets.xcassets */ = {isa = PBXFileReference; lastKnownFileType = folder.assetcatalog; path = Assets.xcassets; sourceTree = "<group>"; };
		9B5674DE1EEC0A7A00795558 /* Base */ = {isa = PBXFileReference; lastKnownFileType = file.storyboard; name = Base; path = Base.lproj/LaunchScreen.storyboard; sourceTree = "<group>"; };
		9B5674E01EEC0A7A00795558 /* Info.plist */ = {isa = PBXFileReference; lastKnownFileType = text.plist.xml; path = Info.plist; sourceTree = "<group>"; };
		9B5674E51EEC0A7B00795558 /* Xcode9-XCTestUITests.xctest */ = {isa = PBXFileReference; explicitFileType = wrapper.cfbundle; includeInIndex = 0; path = "Xcode9-XCTestUITests.xctest"; sourceTree = BUILT_PRODUCTS_DIR; };
		9B5674E91EEC0A7B00795558 /* Xcode9_XCTestUITests.swift */ = {isa = PBXFileReference; lastKnownFileType = sourcecode.swift; path = Xcode9_XCTestUITests.swift; sourceTree = "<group>"; };
		9B5674EB1EEC0A7B00795558 /* Info.plist */ = {isa = PBXFileReference; lastKnownFileType = text.plist.xml; path = Info.plist; sourceTree = "<group>"; };
/* End PBXFileReference section */

/* Begin PBXFrameworksBuildPhase section */
		9B5674CE1EEC0A7A00795558 /* Frameworks */ = {
			isa = PBXFrameworksBuildPhase;
			buildActionMask = 2147483647;
			files = (
			);
			runOnlyForDeploymentPostprocessing = 0;
		};
		9B5674E21EEC0A7B00795558 /* Frameworks */ = {
			isa = PBXFrameworksBuildPhase;
			buildActionMask = 2147483647;
			files = (
			);
			runOnlyForDeploymentPostprocessing = 0;
		};
/* End PBXFrameworksBuildPhase section */

/* Begin PBXGroup section */
		9B5674C81EEC0A7A00795558 = {
			isa = PBXGroup;
			children = (
				9B5674D31EEC0A7A00795558 /* Xcode9-XCTest */,
				9B5674E81EEC0A7B00795558 /* Xcode9-XCTestUITests */,
				9B5674D21EEC0A7A00795558 /* Products */,
			);
			sourceTree = "<group>";
		};
		9B5674D21EEC0A7A00795558 /* Products */ = {
			isa = PBXGroup;
			children = (
				9B5674D11EEC0A7A00795558 /* Xcode9-XCTest.app */,
				9B5674E51EEC0A7B00795558 /* Xcode9-XCTestUITests.xctest */,
			);
			name = Products;
			sourceTree = "<group>";
		};
		9B5674D31EEC0A7A00795558 /* Xcode9-XCTest */ = {
			isa = PBXGroup;
			children = (
				9B5674D41EEC0A7A00795558 /* AppDelegate.swift */,
				9B5674D61EEC0A7A00795558 /* ViewController.swift */,
				9B5674D81EEC0A7A00795558 /* Main.storyboard */,
				9B5674DB1EEC0A7A00795558 /* Assets.xcassets */,
				9B5674DD1EEC0A7A00795558 /* LaunchScreen.storyboard */,
				9B5674E01EEC0A7A00795558 /* Info.plist */,
			);
			path = "Xcode9-XCTest";
			sourceTree = "<group>";
		};
		9B5674E81EEC0A7B00795558 /* Xcode9-XCTestUITests */ = {
			isa = PBXGroup;
			children = (
				9B5674E91EEC0A7B00795558 /* Xcode9_XCTestUITests.swift */,
				9B5674EB1EEC0A7B00795558 /* Info.plist */,
			);
			path = "Xcode9-XCTestUITests";
			sourceTree = "<group>";
		};
/* End PBXGroup section */

/* Begin PBXNativeTarget section */
		9B5674D01EEC0A7A00795558 /* Xcode9-XCTest */ = {
			isa = PBXNativeTarget;
			buildConfigurationList = 9B5674EE1EEC0A7B00795558 /* Build configuration list for PBXNativeTarget "Xcode9-XCTest" */;
			buildPhases = (
				9B5674CD1EEC0A7A00795558 /* Sources */,
				9B5674CE1EEC0A7A00795558 /* Frameworks */,
				9B5674CF1EEC0A7A00795558 /* Resources */,
			);
			buildRules = (
			);
			dependencies = (
			);
			name = "Xcode9-XCTest";
			productName = "Xcode9-XCTest";
			productReference = 9B5674D11EEC0A7A00795558 /* Xcode9-XCTest.app */;
			productType = "com.apple.product-type.application";
		};
		9B5674E41EEC0A7B00795558 /* Xcode9-XCTestUITests */ = {
			isa = PBXNativeTarget;
			buildConfigurationList = 9B5674F11EEC0A7B00795558 /* Build configuration list for PBXNativeTarget "Xcode9-XCTestUITests" */;
			buildPhases = (
				9B5674E11EEC0A7B00795558 /* Sources */,
				9B5674E21EEC0A7B00795558 /* Frameworks */,
				9B5674E31EEC0A7B00795558 /* Resources */,
			);
			buildRules = (
			);
			dependencies = (
				9B5674E71EEC0A7B00795558 /* PBXTargetDependency */,
			);
			name = "Xcode9-XCTestUITests";
			productName = "Xcode9-XCTestUITests";
			productReference = 9B5674E51EEC0A7B00795558 /* Xcode9-XCTestUITests.xctest */;
			productType = "com.apple.product-type.bundle.ui-testing";
		};
/* End PBXNativeTarget section */

/* Begin PBXProject section */
		9B5674C91EEC0A7A00795558 /* Project object */ = {
			isa = PBXProject;
			attributes = {
				LastSwiftUpdateCheck = 0900;
				LastUpgradeCheck = 0900;
				ORGANIZATIONNAME = "Shashikant Jagtap";
				TargetAttributes = {
					9B5674D01EEC0A7A00795558 = {
						CreatedOnToolsVersion = 9.0;
					};
					9B5674E41EEC0A7B00795558 = {
						CreatedOnToolsVersion = 9.0;
						TestTargetID = 9B5674D01EEC0A7A00795558;
					};
				};
			};
			buildConfigurationList = 9B5674CC1EEC0A7A00795558 /* Build configuration list for PBXProject "Xcode9-XCTest" */;
			compatibilityVersion = "Xcode 8.0";
			developmentRegion = en;
			hasScannedForEncodings = 0;
			knownRegions = (
				en,
				Base,
			);
			mainGroup = 9B5674C81EEC0A7A00795558;
			productRefGroup = 9B5674D21EEC0A7A00795558 /* Products */;
			projectDirPath = "";
			projectRoot = "";
			targets = (
				9B5674D01EEC0A7A00795558 /* Xcode9-XCTest */,
				9B5674E41EEC0A7B00795558 /* Xcode9-XCTestUITests */,
			);
		};
/* End PBXProject section */

/* Begin PBXResourcesBuildPhase section */
		9B5674CF1EEC0A7A00795558 /* Resources */ = {
			isa = PBXResourcesBuildPhase;
			buildActionMask = 2147483647;
			files = (
				9B5674DF1EEC0A7A00795558 /* LaunchScreen.storyboard in Resources */,
				9B5674DC1EEC0A7A00795558 /* Assets.xcassets in Resources */,
				9B5674DA1EEC0A7A00795558 /* Main.storyboard in Resources */,
			);
			runOnlyForDeploymentPostprocessing = 0;
		};
		9B5674E31EEC0A7B00795558 /* Resources */ = {
			isa = PBXResourcesBuildPhase;
			buildActionMask = 2147483647;
			files = (
			);
			runOnlyForDeploymentPostprocessing = 0;
		};
/* End PBXResourcesBuildPhase section */

/* Begin PBXSourcesBuildPhase section */
		9B5674CD1EEC0A7A00795558 /* Sources */ = {
			isa = PBXSourcesBuildPhase;
			buildActionMask = 2147483647;
			files = (
				9B5674D71EEC0A7A00795558 /* ViewController.swift in Sources */,
				9B5674D51EEC0A7A00795558 /* AppDelegate.swift in Sources */,
			);
			runOnlyForDeploymentPostprocessing = 0;
		};
		9B5674E11EEC0A7B00795558 /* Sources */ = {
			isa = PBXSourcesBuildPhase;
			buildActionMask = 2147483647;
			files = (
				9B5674EA1EEC0A7B00795558 /* Xcode9_XCTestUITests.swift in Sources */,
			);
			runOnlyForDeploymentPostprocessing = 0;
		};
/* End PBXSourcesBuildPhase section */

/* Begin PBXTargetDependency section */
		9B5674E71EEC0A7B00795558 /* PBXTargetDependency */ = {
			isa = PBXTargetDependency;
			target = 9B5674D01EEC0A7A00795558 /* Xcode9-XCTest */;
			targetProxy = 9B5674E61EEC0A7B00795558 /* PBXContainerItemProxy */;
		};
/* End PBXTargetDependency section */

/* Begin PBXVariantGroup section */
		9B5674D81EEC0A7A00795558 /* Main.storyboard */ = {
			isa = PBXVariantGroup;
			children = (
				9B5674D91EEC0A7A00795558 /* Base */,
			);
			name = Main.storyboard;
			sourceTree = "<group>";
		};
		9B5674DD1EEC0A7A00795558 /* LaunchScreen.storyboard */ = {
			isa = PBXVariantGroup;
			children = (
				9B5674DE1EEC0A7A00795558 /* Base */,
			);
			name = LaunchScreen.storyboard;
			sourceTree = "<group>";
		};
/* End PBXVariantGroup section */

/* Begin XCBuildConfiguration section */
		9B5674EC1EEC0A7B00795558 /* Debug */ = {
			isa = XCBuildConfiguration;
			buildSettings = {
				ALWAYS_SEARCH_USER_PATHS = NO;
				CLANG_ANALYZER_NONNULL = YES;
				CLANG_ANALYZER_NUMBER_OBJECT_CONVERSION = YES_AGGRESSIVE;
				CLANG_CXX_LANGUAGE_STANDARD = "gnu++14";
				CLANG_CXX_LIBRARY = "libc++";
				CLANG_ENABLE_MODULES = YES;
				CLANG_ENABLE_OBJC_ARC = YES;
				CLANG_WARN_BLOCK_CAPTURE_AUTORELEASING = YES;
				CLANG_WARN_BOOL_CONVERSION = YES;
				CLANG_WARN_COMMA = YES;
				CLANG_WARN_CONSTANT_CONVERSION = YES;
				CLANG_WARN_DIRECT_OBJC_ISA_USAGE = YES_ERROR;
				CLANG_WARN_DOCUMENTATION_COMMENTS = YES;
				CLANG_WARN_EMPTY_BODY = YES;
				CLANG_WARN_ENUM_CONVERSION = YES;
				CLANG_WARN_INFINITE_RECURSION = YES;
				CLANG_WARN_INT_CONVERSION = YES;
				CLANG_WARN_OBJC_ROOT_CLASS = YES_ERROR;
				CLANG_WARN_RANGE_LOOP_ANALYSIS = YES;
				CLANG_WARN_STRICT_PROTOTYPES = YES;
				CLANG_WARN_SUSPICIOUS_MOVE = YES;
				CLANG_WARN_UNGUARDED_AVAILABILITY = YES_AGGRESSIVE;
				CLANG_WARN_UNREACHABLE_CODE = YES;
				CLANG_WARN__DUPLICATE_METHOD_MATCH = YES;
				CODE_SIGN_IDENTITY = "iPhone Developer";
				COPY_PHASE_STRIP = NO;
				DEBUG_INFORMATION_FORMAT = dwarf;
				ENABLE_STRICT_OBJC_MSGSEND = YES;
				ENABLE_TESTABILITY = YES;
				GCC_C_LANGUAGE_STANDARD = gnu11;
				GCC_DYNAMIC_NO_PIC = NO;
				GCC_NO_COMMON_BLOCKS = YES;
				GCC_OPTIMIZATION_LEVEL = 0;
				GCC_PREPROCESSOR_DEFINITIONS = (
					"DEBUG=1",
					"$(inherited)",
				);
				GCC_WARN_64_TO_32_BIT_CONVERSION = YES;
				GCC_WARN_ABOUT_RETURN_TYPE = YES_ERROR;
				GCC_WARN_UNDECLARED_SELECTOR = YES;
				GCC_WARN_UNINITIALIZED_AUTOS = YES_AGGRESSIVE;
				GCC_WARN_UNUSED_FUNCTION = YES;
				GCC_WARN_UNUSED_VARIABLE = YES;
				IPHONEOS_DEPLOYMENT_TARGET = 11.0;
				MTL_ENABLE_DEBUG_INFO = YES;
				ONLY_ACTIVE_ARCH = YES;
				SDKROOT = iphoneos;
				SWIFT_ACTIVE_COMPILATION_CONDITIONS = DEBUG;
				SWIFT_OPTIMIZATION_LEVEL = "-Onone";
			};
			name = Debug;
		};
		9B5674ED1EEC0A7B00795558 /* Release */ = {
			isa = XCBuildConfiguration;
			buildSettings = {
				ALWAYS_SEARCH_USER_PATHS = NO;
				CLANG_ANALYZER_NONNULL = YES;
				CLANG_ANALYZER_NUMBER_OBJECT_CONVERSION = YES_AGGRESSIVE;
				CLANG_CXX_LANGUAGE_STANDARD = "gnu++14";
				CLANG_CXX_LIBRARY = "libc++";
				CLANG_ENABLE_MODULES = YES;
				CLANG_ENABLE_OBJC_ARC = YES;
				CLANG_WARN_BLOCK_CAPTURE_AUTORELEASING = YES;
				CLANG_WARN_BOOL_CONVERSION = YES;
				CLANG_WARN_COMMA = YES;
				CLANG_WARN_CONSTANT_CONVERSION = YES;
				CLANG_WARN_DIRECT_OBJC_ISA_USAGE = YES_ERROR;
				CLANG_WARN_DOCUMENTATION_COMMENTS = YES;
				CLANG_WARN_EMPTY_BODY = YES;
				CLANG_WARN_ENUM_CONVERSION = YES;
				CLANG_WARN_INFINITE_RECURSION = YES;
				CLANG_WARN_INT_CONVERSION = YES;
				CLANG_WARN_OBJC_ROOT_CLASS = YES_ERROR;
				CLANG_WARN_RANGE_LOOP_ANALYSIS = YES;
				CLANG_WARN_STRICT_PROTOTYPES = YES;
				CLANG_WARN_SUSPICIOUS_MOVE = YES;
				CLANG_WARN_UNGUARDED_AVAILABILITY = YES_AGGRESSIVE;
				CLANG_WARN_UNREACHABLE_CODE = YES;
				CLANG_WARN__DUPLICATE_METHOD_MATCH = YES;
				CODE_SIGN_IDENTITY = "iPhone Developer";
				COPY_PHASE_STRIP = NO;
				DEBUG_INFORMATION_FORMAT = "dwarf-with-dsym";
				ENABLE_NS_ASSERTIONS = NO;
				ENABLE_STRICT_OBJC_MSGSEND = YES;
				GCC_C_LANGUAGE_STANDARD = gnu11;
				GCC_NO_COMMON_BLOCKS = YES;
				GCC_WARN_64_TO_32_BIT_CONVERSION = YES;
				GCC_WARN_ABOUT_RETURN_TYPE = YES_ERROR;
				GCC_WARN_UNDECLARED_SELECTOR = YES;
				GCC_WARN_UNINITIALIZED_AUTOS = YES_AGGRESSIVE;
				GCC_WARN_UNUSED_FUNCTION = YES;
				GCC_WARN_UNUSED_VARIABLE = YES;
				IPHONEOS_DEPLOYMENT_TARGET = 11.0;
				MTL_ENABLE_DEBUG_INFO = NO;
				SDKROOT = iphoneos;
				SWIFT_OPTIMIZATION_LEVEL = "-Owholemodule";
				VALIDATE_PRODUCT = YES;
			};
			name = Release;
		};
		9B5674EF1EEC0A7B00795558 /* Debug */ = {
			isa = XCBuildConfiguration;
			buildSettings = {
				ASSETCATALOG_COMPILER_APPICON_NAME = AppIcon;
				INFOPLIST_FILE = "Xcode9-XCTest/Info.plist";
				LD_RUNPATH_SEARCH_PATHS = "$(inherited) @executable_path/Frameworks";
				PRODUCT_BUNDLE_IDENTIFIER = "shashi.Xcode9-XCTest";
				PRODUCT_NAME = "$(TARGET_NAME)";
				SWIFT_VERSION = 4.0;
				TARGETED_DEVICE_FAMILY = "1,2";
			};
			name = Debug;
		};
		9B5674F01EEC0A7B00795558 /* Release */ = {
			isa = XCBuildConfiguration;
			buildSettings = {
				ASSETCATALOG_COMPILER_APPICON_NAME = AppIcon;
				INFOPLIST_FILE = "Xcode9-XCTest/Info.plist";
				LD_RUNPATH_SEARCH_PATHS = "$(inherited) @executable_path/Frameworks";
				PRODUCT_BUNDLE_IDENTIFIER = "shashi.Xcode9-XCTest";
				PRODUCT_NAME = "$(TARGET_NAME)";
				SWIFT_VERSION = 4.0;
				TARGETED_DEVICE_FAMILY = "1,2";
			};
			name = Release;
		};
		9B5674F21EEC0A7B00795558 /* Debug */ = {
			isa = XCBuildConfiguration;
			buildSettings = {
				ALWAYS_EMBED_SWIFT_STANDARD_LIBRARIES = YES;
				INFOPLIST_FILE = "Xcode9-XCTestUITests/Info.plist";
				LD_RUNPATH_SEARCH_PATHS = "$(inherited) @executable_path/Frameworks @loader_path/Frameworks";
				PRODUCT_BUNDLE_IDENTIFIER = "shashi.Xcode9-XCTestUITests";
				PRODUCT_NAME = "$(TARGET_NAME)";
				SWIFT_VERSION = 4.0;
				TARGETED_DEVICE_FAMILY = "1,2";
				TEST_TARGET_NAME = "Xcode9-XCTest";
			};
			name = Debug;
		};
		9B5674F31EEC0A7B00795558 /* Release */ = {
			isa = XCBuildConfiguration;
			buildSettings = {
				ALWAYS_EMBED_SWIFT_STANDARD_LIBRARIES = YES;
				INFOPLIST_FILE = "Xcode9-XCTestUITests/Info.plist";
				LD_RUNPATH_SEARCH_PATHS = "$(inherited) @executable_path/Frameworks @loader_path/Frameworks";
				PRODUCT_BUNDLE_IDENTIFIER = "shashi.Xcode9-XCTestUITests";
				PRODUCT_NAME = "$(TARGET_NAME)";
				SWIFT_VERSION = 4.0;
				TARGETED_DEVICE_FAMILY = "1,2";
				TEST_TARGET_NAME = "Xcode9-XCTest";
			};
			name = Release;
		};
/* End XCBuildConfiguration section */

/* Begin XCConfigurationList section */
		9B5674CC1EEC0A7A00795558 /* Build configuration list for PBXProject "Xcode9-XCTest" */ = {
			isa = XCConfigurationList;
			buildConfigurations = (
				9B5674EC1EEC0A7B00795558 /* Debug */,
				9B5674ED1EEC0A7B00795558 /* Release */,
			);
			defaultConfigurationIsVisible = 0;
			defaultConfigurationName = Release;
		};
		9B5674EE1EEC0A7B00795558 /* Build configuration list for PBXNativeTarget "Xcode9-XCTest" */ = {
			isa = XCConfigurationList;
			buildConfigurations = (
				9B5674EF1EEC0A7B00795558 /* Debug */,
				9B5674F01EEC0A7B00795558 /* Release */,
			);
			defaultConfigurationIsVisible = 0;
		};
		9B5674F11EEC0A7B00795558 /* Build configuration list for PBXNativeTarget "Xcode9-XCTestUITests" */ = {
			isa = XCConfigurationList;
			buildConfigurations = (
				9B5674F21EEC0A7B00795558 /* Debug */,
				9B5674F31EEC0A7B00795558 /* Release */,
			);
			defaultConfigurationIsVisible = 0;
		};
/* End XCConfigurationList section */
	};
	rootObject = 9B5674C91EEC0A7A00795558 /* Project object */;
}
